{
  "name": "nwruffle",
  "version": "1.0.2",
  "lockfileVersion": 3,
  "requires": true,
  "packages": {
    "": {
      "name": "nwruffle",
      "version": "1.0.2",
      "dependencies": {
        "@ruffle-rs/ruffle": "^0.2.0-nightly.2025.12.31"
      }
    },
    "node_modules/@ruffle-rs/ruffle": {
      "version": "0.2.0-nightly.2025.12.31",
      "resolved": "https://registry.npmjs.org/@ruffle-rs/ruffle/-/ruffle-0.2.0-nightly.2025.12.31.tgz",
      "integrity": "sha512-va2llSQuRAp0OI4kLP+zTAp59cw48waIniCZ25OyY9EhWsbaOT6jEUhG/fR7E0rdUuD18fzVF9DhpdkHCxGs5w==",
      "license": "(MIT OR Apache-2.0)"
    }
  }
}
